
Microsoft Visual Studio Solution File, Format Version 12.00
# Visual Studio Version 16
VisualStudioVersion = 16.0.32407.337
MinimumVisualStudioVersion = 10.0.40219.1
Project("{FAE04EC0-301F-11D3-BF4B-00C04F79EFBC}") = "WDFDemo", "WDFDemo.csproj", "{9F03EADF-189C-4300-8CD3-C8A201ABB576}"
EndProject
Project("{FAE04EC0-301F-11D3-BF4B-00C04F79EFBC}") = "Calculator", "..\Calculator\Calculator.csproj", "{AE5DBC96-A84B-4AC6-8BA5-4EAD91D5F6E8}"
EndProject
Global
	GlobalSection(SolutionConfigurationPlatforms) = preSolution
		Debug|Any CPU = Debug|Any CPU
		Release|Any CPU = Release|Any CPU
	EndGlobalSection
	GlobalSection(ProjectConfigurationPlatforms) = postSolution
		{9F03EADF-189C-4300-8CD3-C8A201ABB576}.Debug|Any CPU.ActiveCfg = Debug|Any CPU
		{9F03EADF-189C-4300-8CD3-C8A201ABB576}.Debug|Any CPU.Build.0 = Debug|Any CPU
		{9F03EADF-189C-4300-8CD3-C8A201ABB576}.Release|Any CPU.ActiveCfg = Release|Any CPU
		{9F03EADF-189C-4300-8CD3-C8A201ABB576}.Release|Any CPU.Build.0 = Release|Any CPU
		{AE5DBC96-A84B-4AC6-8BA5-4EAD91D5F6E8}.Debug|Any CPU.ActiveCfg = Debug|Any CPU
		{AE5DBC96-A84B-4AC6-8BA5-4EAD91D5F6E8}.Debug|Any CPU.Build.0 = Debug|Any CPU
		{AE5DBC96-A84B-4AC6-8BA5-4EAD91D5F6E8}.Release|Any CPU.ActiveCfg = Release|Any CPU
		{AE5DBC96-A84B-4AC6-8BA5-4EAD91D5F6E8}.Release|Any CPU.Build.0 = Release|Any CPU
	EndGlobalSection
	GlobalSection(SolutionProperties) = preSolution
		HideSolutionNode = FALSE
	EndGlobalSection
	GlobalSection(ExtensibilityGlobals) = postSolution
		SolutionGuid = {C716257B-948C-4384-87E3-FE1667EDE87C}
	EndGlobalSection
EndGlobal
